
Microsoft Visual Studio Solution File, Format Version 12.00
# Visual Studio Version 17
VisualStudioVersion = 17.11.35303.130
MinimumVisualStudioVersion = 10.0.40219.1
Project("{FAE04EC0-301F-11D3-BF4B-00C04F79EFBC}") = "ConsoleApp7", "ConsoleApp7\ConsoleApp7.csproj", "{7427C406-CD79-4171-8C05-DC4491F1A715}"
EndProject
Global
	GlobalSection(SolutionConfigurationPlatforms) = preSolution
		Debug|Any CPU = Debug|Any CPU
		Release|Any CPU = Release|Any CPU
	EndGlobalSection
	GlobalSection(ProjectConfigurationPlatforms) = postSolution
		{7427C406-CD79-4171-8C05-DC4491F1A715}.Debug|Any CPU.ActiveCfg = Debug|Any CPU
		{7427C406-CD79-4171-8C05-DC4491F1A715}.Debug|Any CPU.Build.0 = Debug|Any CPU
		{7427C406-CD79-4171-8C05-DC4491F1A715}.Release|Any CPU.ActiveCfg = Release|Any CPU
		{7427C406-CD79-4171-8C05-DC4491F1A715}.Release|Any CPU.Build.0 = Release|Any CPU
	EndGlobalSection
	GlobalSection(SolutionProperties) = preSolution
		HideSolutionNode = FALSE
	EndGlobalSection
	GlobalSection(ExtensibilityGlobals) = postSolution
		SolutionGuid = {A5A8E02E-4539-4895-A07B-F3B464FC09C9}
	EndGlobalSection
EndGlobal
